github.com/aceld/zinx v0.0.0-20201027092702-5e524639b228 h1:mcCGnnfuI/FA5QtrsGOE4JzoX1lbxU/Jck6pzM/js6Y=
github.com/aceld/zinx v0.0.0-20201027092702-5e524639b228/go.mod h1:bMiERrPdR8FzpBOo86nhWWmeHJ1cCaqVvWKCGcDVJ5M=
github.com/golang/protobuf v1.3.3/go.mod h1:vzj43D7+SQXF/4pzW/hwtAqwc6iTitCiVSaWz5lYuqw=
